// !$*UTF8*$!
{
	archiveVersion = 1;
	classes = {
	};
	objectVersion = 50;
	objects = {

/* Begin PBXBuildFile section */
		63D1998225BE541A00F1C159 /* AppDelegate.m in Sources */ = {isa = PBXBuildFile; fileRef = 63D1998125BE541A00F1C159 /* AppDelegate.m */; };
		63D1998525BE541A00F1C159 /* SceneDelegate.m in Sources */ = {isa = PBXBuildFile; fileRef = 63D1998425BE541A00F1C159 /* SceneDelegate.m */; };
		63D1998825BE541A00F1C159 /* ViewController.m in Sources */ = {isa = PBXBuildFile; fileRef = 63D1998725BE541A00F1C159 /* ViewController.m */; };
		63D1998B25BE541A00F1C159 /* Main.storyboard in Resources */ = {isa = PBXBuildFile; fileRef = 63D1998925BE541A00F1C159 /* Main.storyboard */; };
		63D1998D25BE541D00F1C159 /* Assets.xcassets in Resources */ = {isa = PBXBuildFile; fileRef = 63D1998C25BE541D00F1C159 /* Assets.xcassets */; };
		63D1999025BE541D00F1C159 /* LaunchScreen.storyboard in Resources */ = {isa = PBXBuildFile; fileRef = 63D1998E25BE541D00F1C159 /* LaunchScreen.storyboard */; };
		63D1999325BE541D00F1C159 /* main.m in Sources */ = {isa = PBXBuildFile; fileRef = 63D1999225BE541D00F1C159 /* main.m */; };
		63D199A525BEB69000F1C159 /* crc32.m in Sources */ = {isa = PBXBuildFile; fileRef = 63D199A425BEB69000F1C159 /* crc32.m */; };
		63D199A925BEB6A300F1C159 /* crc32Tessts.m in Sources */ = {isa = PBXBuildFile; fileRef = 63D199A825BEB6A300F1C159 /* crc32Tessts.m */; };
/* End PBXBuildFile section */

/* Begin PBXFileReference section */
		63D1997D25BE541A00F1C159 /* crc32Pratice.app */ = {isa = PBXFileReference; explicitFileType = wrapper.application; includeInIndex = 0; path = crc32Pratice.app; sourceTree = BUILT_PRODUCTS_DIR; };
		63D1998025BE541A00F1C159 /* AppDelegate.h */ = {isa = PBXFileReference; lastKnownFileType = sourcecode.c.h; path = AppDelegate.h; sourceTree = "<group>"; };
		63D1998125BE541A00F1C159 /* AppDelegate.m */ = {isa = PBXFileReference; lastKnownFileType = sourcecode.c.objc; path = AppDelegate.m; sourceTree = "<group>"; };
		63D1998325BE541A00F1C159 /* SceneDelegate.h */ = {isa = PBXFileReference; lastKnownFileType = sourcecode.c.h; path = SceneDelegate.h; sourceTree = "<group>"; };
		63D1998425BE541A00F1C159 /* SceneDelegate.m */ = {isa = PBXFileReference; lastKnownFileType = sourcecode.c.objc; path = SceneDelegate.m; sourceTree = "<group>"; };
		63D1998625BE541A00F1C159 /* ViewController.h */ = {isa = PBXFileReference; lastKnownFileType = sourcecode.c.h; path = ViewController.h; sourceTree = "<group>"; };
		63D1998725BE541A00F1C159 /* ViewController.m */ = {isa = PBXFileReference; lastKnownFileType = sourcecode.c.objc; path = ViewController.m; sourceTree = "<group>"; };
		63D1998A25BE541A00F1C159 /* Base */ = {isa = PBXFileReference; lastKnownFileType = file.storyboard; name = Base; path = Base.lproj/Main.storyboard; sourceTree = "<group>"; };
		63D1998C25BE541D00F1C159 /* Assets.xcassets */ = {isa = PBXFileReference; lastKnownFileType = folder.assetcatalog; path = Assets.xcassets; sourceTree = "<group>"; };
		63D1998F25BE541D00F1C159 /* Base */ = {isa = PBXFileReference; lastKnownFileType = file.storyboard; name = Base; path = Base.lproj/LaunchScreen.storyboard; sourceTree = "<group>"; };
		63D1999125BE541D00F1C159 /* Info.plist */ = {isa = PBXFileReference; lastKnownFileType = text.plist.xml; path = Info.plist; sourceTree = "<group>"; };
		63D1999225BE541D00F1C159 /* main.m */ = {isa = PBXFileReference; lastKnownFileType = sourcecode.c.objc; path = main.m; sourceTree = "<group>"; };
		63D199A325BEB69000F1C159 /* crc32.h */ = {isa = PBXFileReference; lastKnownFileType = sourcecode.c.h; path = crc32.h; sourceTree = "<group>"; };
		63D199A425BEB69000F1C159 /* crc32.m */ = {isa = PBXFileReference; lastKnownFileType = sourcecode.c.objc; path = crc32.m; sourceTree = "<group>"; };
		63D199A725BEB6A300F1C159 /* crc32Tessts.h */ = {isa = PBXFileReference; lastKnownFileType = sourcecode.c.h; path = crc32Tessts.h; sourceTree = "<group>"; };
		63D199A825BEB6A300F1C159 /* crc32Tessts.m */ = {isa = PBXFileReference; lastKnownFileType = sourcecode.c.objc; path = crc32Tessts.m; sourceTree = "<group>"; };
/* End PBXFileReference section */

/* Begin PBXFrameworksBuildPhase section */
		63D1997A25BE541A00F1C159 /* Frameworks */ = {
			isa = PBXFrameworksBuildPhase;
			buildActionMask = 2147483647;
			files = (
			);
			runOnlyForDeploymentPostprocessing = 0;
		};
/* End PBXFrameworksBuildPhase section */

/* Begin PBXGroup section */
		63D1997425BE541A00F1C159 = {
			isa = PBXGroup;
			children = (
				63D1997F25BE541A00F1C159 /* crc32Pratice */,
				63D1997E25BE541A00F1C159 /* Products */,
			);
			sourceTree = "<group>";
		};
		63D1997E25BE541A00F1C159 /* Products */ = {
			isa = PBXGroup;
			children = (
				63D1997D25BE541A00F1C159 /* crc32Pratice.app */,
			);
			name = Products;
			sourceTree = "<group>";
		};
		63D1997F25BE541A00F1C159 /* crc32Pratice */ = {
			isa = PBXGroup;
			children = (
				63D1998025BE541A00F1C159 /* AppDelegate.h */,
				63D1998125BE541A00F1C159 /* AppDelegate.m */,
				63D1998325BE541A00F1C159 /* SceneDelegate.h */,
				63D1998425BE541A00F1C159 /* SceneDelegate.m */,
				63D1998625BE541A00F1C159 /* ViewController.h */,
				63D1998725BE541A00F1C159 /* ViewController.m */,
				63D1998925BE541A00F1C159 /* Main.storyboard */,
				63D1998C25BE541D00F1C159 /* Assets.xcassets */,
				63D1998E25BE541D00F1C159 /* LaunchScreen.storyboard */,
				63D1999125BE541D00F1C159 /* Info.plist */,
				63D1999225BE541D00F1C159 /* main.m */,
				63D199A325BEB69000F1C159 /* crc32.h */,
				63D199A425BEB69000F1C159 /* crc32.m */,
				63D199A725BEB6A300F1C159 /* crc32Tessts.h */,
				63D199A825BEB6A300F1C159 /* crc32Tessts.m */,
			);
			path = crc32Pratice;
			sourceTree = "<group>";
		};
/* End PBXGroup section */

/* Begin PBXNativeTarget section */
		63D1997C25BE541A00F1C159 /* crc32Pratice */ = {
			isa = PBXNativeTarget;
			buildConfigurationList = 63D1999625BE541D00F1C159 /* Build configuration list for PBXNativeTarget "crc32Pratice" */;
			buildPhases = (
				63D1997925BE541A00F1C159 /* Sources */,
				63D1997A25BE541A00F1C159 /* Frameworks */,
				63D1997B25BE541A00F1C159 /* Resources */,
			);
			buildRules = (
			);
			dependencies = (
			);
			name = crc32Pratice;
			productName = crc32Pratice;
			productReference = 63D1997D25BE541A00F1C159 /* crc32Pratice.app */;
			productType = "com.apple.product-type.application";
		};
/* End PBXNativeTarget section */

/* Begin PBXProject section */
		63D1997525BE541A00F1C159 /* Project object */ = {
			isa = PBXProject;
			attributes = {
				LastUpgradeCheck = 1230;
				TargetAttributes = {
					63D1997C25BE541A00F1C159 = {
						CreatedOnToolsVersion = 12.3;
					};
				};
			};
			buildConfigurationList = 63D1997825BE541A00F1C159 /* Build configuration list for PBXProject "crc32Pratice" */;
			compatibilityVersion = "Xcode 9.3";
			developmentRegion = en;
			hasScannedForEncodings = 0;
			knownRegions = (
				en,
				Base,
			);
			mainGroup = 63D1997425BE541A00F1C159;
			productRefGroup = 63D1997E25BE541A00F1C159 /* Products */;
			projectDirPath = "";
			projectRoot = "";
			targets = (
				63D1997C25BE541A00F1C159 /* crc32Pratice */,
			);
		};
/* End PBXProject section */

/* Begin PBXResourcesBuildPhase section */
		63D1997B25BE541A00F1C159 /* Resources */ = {
			isa = PBXResourcesBuildPhase;
			buildActionMask = 2147483647;
			files = (
				63D1999025BE541D00F1C159 /* LaunchScreen.storyboard in Resources */,
				63D1998D25BE541D00F1C159 /* Assets.xcassets in Resources */,
				63D1998B25BE541A00F1C159 /* Main.storyboard in Resources */,
			);
			runOnlyForDeploymentPostprocessing = 0;
		};
/* End PBXResourcesBuildPhase section */

/* Begin PBXSourcesBuildPhase section */
		63D1997925BE541A00F1C159 /* Sources */ = {
			isa = PBXSourcesBuildPhase;
			buildActionMask = 2147483647;
			files = (
				63D1998825BE541A00F1C159 /* ViewController.m in Sources */,
				63D199A925BEB6A300F1C159 /* crc32Tessts.m in Sources */,
				63D1998225BE541A00F1C159 /* AppDelegate.m in Sources */,
				63D1999325BE541D00F1C159 /* main.m in Sources */,
				63D199A525BEB69000F1C159 /* crc32.m in Sources */,
				63D1998525BE541A00F1C159 /* SceneDelegate.m in Sources */,
			);
			runOnlyForDeploymentPostprocessing = 0;
		};
/* End PBXSourcesBuildPhase section */

/* Begin PBXVariantGroup section */
		63D1998925BE541A00F1C159 /* Main.storyboard */ = {
			isa = PBXVariantGroup;
			children = (
				63D1998A25BE541A00F1C159 /* Base */,
			);
			name = Main.storyboard;
			sourceTree = "<group>";
		};
		63D1998E25BE541D00F1C159 /* LaunchScreen.storyboard */ = {
			isa = PBXVariantGroup;
			children = (
				63D1998F25BE541D00F1C159 /* Base */,
			);
			name = LaunchScreen.storyboard;
			sourceTree = "<group>";
		};
/* End PBXVariantGroup section */

/* Begin XCBuildConfiguration section */
		63D1999425BE541D00F1C159 /* Debug */ = {
			isa = XCBuildConfiguration;
			buildSettings = {
				ALWAYS_SEARCH_USER_PATHS = NO;
				CLANG_ANALYZER_NONNULL = YES;
				CLANG_ANALYZER_NUMBER_OBJECT_CONVERSION = YES_AGGRESSIVE;
				CLANG_CXX_LANGUAGE_STANDARD = "gnu++14";
				CLANG_CXX_LIBRARY = "libc++";
				CLANG_ENABLE_MODULES = YES;
				CLANG_ENABLE_OBJC_ARC = YES;
				CLANG_ENABLE_OBJC_WEAK = YES;
				CLANG_WARN_BLOCK_CAPTURE_AUTORELEASING = YES;
				CLANG_WARN_BOOL_CONVERSION = YES;
				CLANG_WARN_COMMA = YES;
				CLANG_WARN_CONSTANT_CONVERSION = YES;
				CLANG_WARN_DEPRECATED_OBJC_IMPLEMENTATIONS = YES;
				CLANG_WARN_DIRECT_OBJC_ISA_USAGE = YES_ERROR;
				CLANG_WARN_DOCUMENTATION_COMMENTS = YES;
				CLANG_WARN_EMPTY_BODY = YES;
				CLANG_WARN_ENUM_CONVERSION = YES;
				CLANG_WARN_INFINITE_RECURSION = YES;
				CLANG_WARN_INT_CONVERSION = YES;
				CLANG_WARN_NON_LITERAL_NULL_CONVERSION = YES;
				CLANG_WARN_OBJC_IMPLICIT_RETAIN_SELF = YES;
				CLANG_WARN_OBJC_LITERAL_CONVERSION = YES;
				CLANG_WARN_OBJC_ROOT_CLASS = YES_ERROR;
				CLANG_WARN_QUOTED_INCLUDE_IN_FRAMEWORK_HEADER = YES;
				CLANG_WARN_RANGE_LOOP_ANALYSIS = YES;
				CLANG_WARN_STRICT_PROTOTYPES = YES;
				CLANG_WARN_SUSPICIOUS_MOVE = YES;
				CLANG_WARN_UNGUARDED_AVAILABILITY = YES_AGGRESSIVE;
				CLANG_WARN_UNREACHABLE_CODE = YES;
				CLANG_WARN__DUPLICATE_METHOD_MATCH = YES;
				COPY_PHASE_STRIP = NO;
				DEBUG_INFORMATION_FORMAT = dwarf;
				ENABLE_STRICT_OBJC_MSGSEND = YES;
				ENABLE_TESTABILITY = YES;
				GCC_C_LANGUAGE_STANDARD = gnu11;
				GCC_DYNAMIC_NO_PIC = NO;
				GCC_NO_COMMON_BLOCKS = YES;
				GCC_OPTIMIZATION_LEVEL = 0;
				GCC_PREPROCESSOR_DEFINITIONS = (
					"DEBUG=1",
					"$(inherited)",
				);
				GCC_WARN_64_TO_32_BIT_CONVERSION = YES;
				GCC_WARN_ABOUT_RETURN_TYPE = YES_ERROR;
				GCC_WARN_UNDECLARED_SELECTOR = YES;
				GCC_WARN_UNINITIALIZED_AUTOS = YES_AGGRESSIVE;
				GCC_WARN_UNUSED_FUNCTION = YES;
				GCC_WARN_UNUSED_VARIABLE = YES;
				IPHONEOS_DEPLOYMENT_TARGET = 14.3;
				MTL_ENABLE_DEBUG_INFO = INCLUDE_SOURCE;
				MTL_FAST_MATH = YES;
				ONLY_ACTIVE_ARCH = YES;
				SDKROOT = iphoneos;
			};
			name = Debug;
		};
		63D1999525BE541D00F1C159 /* Release */ = {
			isa = XCBuildConfiguration;
			buildSettings = {
				ALWAYS_SEARCH_USER_PATHS = NO;
				CLANG_ANALYZER_NONNULL = YES;
				CLANG_ANALYZER_NUMBER_OBJECT_CONVERSION = YES_AGGRESSIVE;
				CLANG_CXX_LANGUAGE_STANDARD = "gnu++14";
				CLANG_CXX_LIBRARY = "libc++";
				CLANG_ENABLE_MODULES = YES;
				CLANG_ENABLE_OBJC_ARC = YES;
				CLANG_ENABLE_OBJC_WEAK = YES;
				CLANG_WARN_BLOCK_CAPTURE_AUTORELEASING = YES;
				CLANG_WARN_BOOL_CONVERSION = YES;
				CLANG_WARN_COMMA = YES;
				CLANG_WARN_CONSTANT_CONVERSION = YES;
				CLANG_WARN_DEPRECATED_OBJC_IMPLEMENTATIONS = YES;
				CLANG_WARN_DIRECT_OBJC_ISA_USAGE = YES_ERROR;
				CLANG_WARN_DOCUMENTATION_COMMENTS = YES;
				CLANG_WARN_EMPTY_BODY = YES;
				CLANG_WARN_ENUM_CONVERSION = YES;
				CLANG_WARN_INFINITE_RECURSION = YES;
				CLANG_WARN_INT_CONVERSION = YES;
				CLANG_WARN_NON_LITERAL_NULL_CONVERSION = YES;
				CLANG_WARN_OBJC_IMPLICIT_RETAIN_SELF = YES;
				CLANG_WARN_OBJC_LITERAL_CONVERSION = YES;
				CLANG_WARN_OBJC_ROOT_CLASS = YES_ERROR;
				CLANG_WARN_QUOTED_INCLUDE_IN_FRAMEWORK_HEADER = YES;
				CLANG_WARN_RANGE_LOOP_ANALYSIS = YES;
				CLANG_WARN_STRICT_PROTOTYPES = YES;
				CLANG_WARN_SUSPICIOUS_MOVE = YES;
				CLANG_WARN_UNGUARDED_AVAILABILITY = YES_AGGRESSIVE;
				CLANG_WARN_UNREACHABLE_CODE = YES;
				CLANG_WARN__DUPLICATE_METHOD_MATCH = YES;
				COPY_PHASE_STRIP = NO;
				DEBUG_INFORMATION_FORMAT = "dwarf-with-dsym";
				ENABLE_NS_ASSERTIONS = NO;
				ENABLE_STRICT_OBJC_MSGSEND = YES;
				GCC_C_LANGUAGE_STANDARD = gnu11;
				GCC_NO_COMMON_BLOCKS = YES;
				GCC_WARN_64_TO_32_BIT_CONVERSION = YES;
				GCC_WARN_ABOUT_RETURN_TYPE = YES_ERROR;
				GCC_WARN_UNDECLARED_SELECTOR = YES;
				GCC_WARN_UNINITIALIZED_AUTOS = YES_AGGRESSIVE;
				GCC_WARN_UNUSED_FUNCTION = YES;
				GCC_WARN_UNUSED_VARIABLE = YES;
				IPHONEOS_DEPLOYMENT_TARGET = 14.3;
				MTL_ENABLE_DEBUG_INFO = NO;
				MTL_FAST_MATH = YES;
				SDKROOT = iphoneos;
				VALIDATE_PRODUCT = YES;
			};
			name = Release;
		};
		63D1999725BE541D00F1C159 /* Debug */ = {
			isa = XCBuildConfiguration;
			buildSettings = {
				ASSETCATALOG_COMPILER_APPICON_NAME = AppIcon;
				ASSETCATALOG_COMPILER_GLOBAL_ACCENT_COLOR_NAME = AccentColor;
				CODE_SIGN_STYLE = Automatic;
				DEVELOPMENT_TEAM = W4395MK238;
				INFOPLIST_FILE = crc32Pratice/Info.plist;
				LD_RUNPATH_SEARCH_PATHS = (
					"$(inherited)",
					"@executable_path/Frameworks",
				);
				PRODUCT_BUNDLE_IDENTIFIER = com.jake.crc32Pratice;
				PRODUCT_NAME = "$(TARGET_NAME)";
				TARGETED_DEVICE_FAMILY = "1,2";
			};
			name = Debug;
		};
		63D1999825BE541D00F1C159 /* Release */ = {
			isa = XCBuildConfiguration;
			buildSettings = {
				ASSETCATALOG_COMPILER_APPICON_NAME = AppIcon;
				ASSETCATALOG_COMPILER_GLOBAL_ACCENT_COLOR_NAME = AccentColor;
				CODE_SIGN_STYLE = Automatic;
				DEVELOPMENT_TEAM = W4395MK238;
				INFOPLIST_FILE = crc32Pratice/Info.plist;
				LD_RUNPATH_SEARCH_PATHS = (
					"$(inherited)",
					"@executable_path/Frameworks",
				);
				PRODUCT_BUNDLE_IDENTIFIER = com.jake.crc32Pratice;
				PRODUCT_NAME = "$(TARGET_NAME)";
				TARGETED_DEVICE_FAMILY = "1,2";
			};
			name = Release;
		};
/* End XCBuildConfiguration section */

/* Begin XCConfigurationList section */
		63D1997825BE541A00F1C159 /* Build configuration list for PBXProject "crc32Pratice" */ = {
			isa = XCConfigurationList;
			buildConfigurations = (
				63D1999425BE541D00F1C159 /* Debug */,
				63D1999525BE541D00F1C159 /* Release */,
			);
			defaultConfigurationIsVisible = 0;
			defaultConfigurationName = Release;
		};
		63D1999625BE541D00F1C159 /* Build configuration list for PBXNativeTarget "crc32Pratice" */ = {
			isa = XCConfigurationList;
			buildConfigurations = (
				63D1999725BE541D00F1C159 /* Debug */,
				63D1999825BE541D00F1C159 /* Release */,
			);
			defaultConfigurationIsVisible = 0;
			defaultConfigurationName = Release;
		};
/* End XCConfigurationList section */
	};
	rootObject = 63D1997525BE541A00F1C159 /* Project object */;
}
